
Microsoft Visual Studio Solution File, Format Version 12.00
# Visual Studio Version 16
VisualStudioVersion = 16.0.30621.155
MinimumVisualStudioVersion = 10.0.40219.1
Project("{FAE04EC0-301F-11D3-BF4B-00C04F79EFBC}") = "GoodsToolReworked", "GoodsToolReworked.csproj", "{29F24087-7012-4B2D-A9F0-45AC2FF89242}"
EndProject
Global
	GlobalSection(SolutionConfigurationPlatforms) = preSolution
		Debug|Any CPU = Debug|Any CPU
		Release|Any CPU = Release|Any CPU
	EndGlobalSection
	GlobalSection(ProjectConfigurationPlatforms) = postSolution
		{29F24087-7012-4B2D-A9F0-45AC2FF89242}.Debug|Any CPU.ActiveCfg = Debug|Any CPU
		{29F24087-7012-4B2D-A9F0-45AC2FF89242}.Debug|Any CPU.Build.0 = Debug|Any CPU
		{29F24087-7012-4B2D-A9F0-45AC2FF89242}.Release|Any CPU.ActiveCfg = Release|Any CPU
		{29F24087-7012-4B2D-A9F0-45AC2FF89242}.Release|Any CPU.Build.0 = Release|Any CPU
	EndGlobalSection
	GlobalSection(SolutionProperties) = preSolution
		HideSolutionNode = FALSE
	EndGlobalSection
	GlobalSection(ExtensibilityGlobals) = postSolution
		SolutionGuid = {F0ABB14C-A1FA-42C7-9080-7B897C444A82}
	EndGlobalSection
EndGlobal
